// !$*UTF8*$!
{
	archiveVersion = 1;
	classes = {
	};
	objectVersion = 56;
	objects = {

/* Begin PBXBuildFile section */
		2B8CB5652BBE44D900A807A0 /* stocks_iosApp.swift in Sources */ = {isa = PBXBuildFile; fileRef = 2B8CB5642BBE44D900A807A0 /* stocks_iosApp.swift */; };
		2B8CB5672BBE44D900A807A0 /* ContentView.swift in Sources */ = {isa = PBXBuildFile; fileRef = 2B8CB5662BBE44D900A807A0 /* ContentView.swift */; };
		2B8CB5692BBE44DA00A807A0 /* Assets.xcassets in Resources */ = {isa = PBXBuildFile; fileRef = 2B8CB5682BBE44DA00A807A0 /* Assets.xcassets */; };
		2B8CB56C2BBE44DA00A807A0 /* Preview Assets.xcassets in Resources */ = {isa = PBXBuildFile; fileRef = 2B8CB56B2BBE44DA00A807A0 /* Preview Assets.xcassets */; };
		2B8CB5762BBE44DA00A807A0 /* stocks_iosTests.swift in Sources */ = {isa = PBXBuildFile; fileRef = 2B8CB5752BBE44DA00A807A0 /* stocks_iosTests.swift */; };
		2B8CB5802BBE44DA00A807A0 /* stocks_iosUITests.swift in Sources */ = {isa = PBXBuildFile; fileRef = 2B8CB57F2BBE44DA00A807A0 /* stocks_iosUITests.swift */; };
		2B8CB5822BBE44DA00A807A0 /* stocks_iosUITestsLaunchTests.swift in Sources */ = {isa = PBXBuildFile; fileRef = 2B8CB5812BBE44DA00A807A0 /* stocks_iosUITestsLaunchTests.swift */; };
		2B8CB58F2BBE452700A807A0 /* Launch Screen.storyboard in Resources */ = {isa = PBXBuildFile; fileRef = 2B8CB58E2BBE452700A807A0 /* Launch Screen.storyboard */; };
		2B8CB5922BBF601300A807A0 /* StockInfoView.swift in Sources */ = {isa = PBXBuildFile; fileRef = 2B8CB5912BBF601300A807A0 /* StockInfoView.swift */; };
		2B8CB5942BBFA74300A807A0 /* Utility.swift in Sources */ = {isa = PBXBuildFile; fileRef = 2B8CB5932BBFA74200A807A0 /* Utility.swift */; };
/* End PBXBuildFile section */

/* Begin PBXContainerItemProxy section */
		2B8CB5722BBE44DA00A807A0 /* PBXContainerItemProxy */ = {
			isa = PBXContainerItemProxy;
			containerPortal = 2B8CB5592BBE44D800A807A0 /* Project object */;
			proxyType = 1;
			remoteGlobalIDString = 2B8CB5602BBE44D900A807A0;
			remoteInfo = "stocks-ios";
		};
		2B8CB57C2BBE44DA00A807A0 /* PBXContainerItemProxy */ = {
			isa = PBXContainerItemProxy;
			containerPortal = 2B8CB5592BBE44D800A807A0 /* Project object */;
			proxyType = 1;
			remoteGlobalIDString = 2B8CB5602BBE44D900A807A0;
			remoteInfo = "stocks-ios";
		};
/* End PBXContainerItemProxy section */

/* Begin PBXFileReference section */
		2B8CB5612BBE44D900A807A0 /* stocks-ios.app */ = {isa = PBXFileReference; explicitFileType = wrapper.application; includeInIndex = 0; path = "stocks-ios.app"; sourceTree = BUILT_PRODUCTS_DIR; };
		2B8CB5642BBE44D900A807A0 /* stocks_iosApp.swift */ = {isa = PBXFileReference; lastKnownFileType = sourcecode.swift; path = stocks_iosApp.swift; sourceTree = "<group>"; };
		2B8CB5662BBE44D900A807A0 /* ContentView.swift */ = {isa = PBXFileReference; lastKnownFileType = sourcecode.swift; path = ContentView.swift; sourceTree = "<group>"; };
		2B8CB5682BBE44DA00A807A0 /* Assets.xcassets */ = {isa = PBXFileReference; lastKnownFileType = folder.assetcatalog; path = Assets.xcassets; sourceTree = "<group>"; };
		2B8CB56B2BBE44DA00A807A0 /* Preview Assets.xcassets */ = {isa = PBXFileReference; lastKnownFileType = folder.assetcatalog; path = "Preview Assets.xcassets"; sourceTree = "<group>"; };
		2B8CB5712BBE44DA00A807A0 /* stocks-iosTests.xctest */ = {isa = PBXFileReference; explicitFileType = wrapper.cfbundle; includeInIndex = 0; path = "stocks-iosTests.xctest"; sourceTree = BUILT_PRODUCTS_DIR; };
		2B8CB5752BBE44DA00A807A0 /* stocks_iosTests.swift */ = {isa = PBXFileReference; lastKnownFileType = sourcecode.swift; path = stocks_iosTests.swift; sourceTree = "<group>"; };
		2B8CB57B2BBE44DA00A807A0 /* stocks-iosUITests.xctest */ = {isa = PBXFileReference; explicitFileType = wrapper.cfbundle; includeInIndex = 0; path = "stocks-iosUITests.xctest"; sourceTree = BUILT_PRODUCTS_DIR; };
		2B8CB57F2BBE44DA00A807A0 /* stocks_iosUITests.swift */ = {isa = PBXFileReference; lastKnownFileType = sourcecode.swift; path = stocks_iosUITests.swift; sourceTree = "<group>"; };
		2B8CB5812BBE44DA00A807A0 /* stocks_iosUITestsLaunchTests.swift */ = {isa = PBXFileReference; lastKnownFileType = sourcecode.swift; path = stocks_iosUITestsLaunchTests.swift; sourceTree = "<group>"; };
		2B8CB58E2BBE452700A807A0 /* Launch Screen.storyboard */ = {isa = PBXFileReference; lastKnownFileType = file.storyboard; path = "Launch Screen.storyboard"; sourceTree = "<group>"; };
		2B8CB5902BBF0D5E00A807A0 /* Info.plist */ = {isa = PBXFileReference; lastKnownFileType = text.plist; path = Info.plist; sourceTree = "<group>"; };
		2B8CB5912BBF601300A807A0 /* StockInfoView.swift */ = {isa = PBXFileReference; lastKnownFileType = sourcecode.swift; path = StockInfoView.swift; sourceTree = "<group>"; };
		2B8CB5932BBFA74200A807A0 /* Utility.swift */ = {isa = PBXFileReference; lastKnownFileType = sourcecode.swift; path = Utility.swift; sourceTree = "<group>"; };
/* End PBXFileReference section */

/* Begin PBXFrameworksBuildPhase section */
		2B8CB55E2BBE44D900A807A0 /* Frameworks */ = {
			isa = PBXFrameworksBuildPhase;
			buildActionMask = 2147483647;
			files = (
			);
			runOnlyForDeploymentPostprocessing = 0;
		};
		2B8CB56E2BBE44DA00A807A0 /* Frameworks */ = {
			isa = PBXFrameworksBuildPhase;
			buildActionMask = 2147483647;
			files = (
			);
			runOnlyForDeploymentPostprocessing = 0;
		};
		2B8CB5782BBE44DA00A807A0 /* Frameworks */ = {
			isa = PBXFrameworksBuildPhase;
			buildActionMask = 2147483647;
			files = (
			);
			runOnlyForDeploymentPostprocessing = 0;
		};
/* End PBXFrameworksBuildPhase section */

/* Begin PBXGroup section */
		2B8CB5582BBE44D800A807A0 = {
			isa = PBXGroup;
			children = (
				2B8CB5632BBE44D900A807A0 /* stocks-ios */,
				2B8CB5742BBE44DA00A807A0 /* stocks-iosTests */,
				2B8CB57E2BBE44DA00A807A0 /* stocks-iosUITests */,
				2B8CB5622BBE44D900A807A0 /* Products */,
			);
			sourceTree = "<group>";
		};
		2B8CB5622BBE44D900A807A0 /* Products */ = {
			isa = PBXGroup;
			children = (
				2B8CB5612BBE44D900A807A0 /* stocks-ios.app */,
				2B8CB5712BBE44DA00A807A0 /* stocks-iosTests.xctest */,
				2B8CB57B2BBE44DA00A807A0 /* stocks-iosUITests.xctest */,
			);
			name = Products;
			sourceTree = "<group>";
		};
		2B8CB5632BBE44D900A807A0 /* stocks-ios */ = {
			isa = PBXGroup;
			children = (
				2B8CB5902BBF0D5E00A807A0 /* Info.plist */,
				2B8CB5932BBFA74200A807A0 /* Utility.swift */,
				2B8CB5642BBE44D900A807A0 /* stocks_iosApp.swift */,
				2B8CB5662BBE44D900A807A0 /* ContentView.swift */,
				2B8CB5912BBF601300A807A0 /* StockInfoView.swift */,
				2B8CB5682BBE44DA00A807A0 /* Assets.xcassets */,
				2B8CB56A2BBE44DA00A807A0 /* Preview Content */,
			);
			path = "stocks-ios";
			sourceTree = "<group>";
		};
		2B8CB56A2BBE44DA00A807A0 /* Preview Content */ = {
			isa = PBXGroup;
			children = (
				2B8CB58E2BBE452700A807A0 /* Launch Screen.storyboard */,
				2B8CB56B2BBE44DA00A807A0 /* Preview Assets.xcassets */,
			);
			path = "Preview Content";
			sourceTree = "<group>";
		};
		2B8CB5742BBE44DA00A807A0 /* stocks-iosTests */ = {
			isa = PBXGroup;
			children = (
				2B8CB5752BBE44DA00A807A0 /* stocks_iosTests.swift */,
			);
			path = "stocks-iosTests";
			sourceTree = "<group>";
		};
		2B8CB57E2BBE44DA00A807A0 /* stocks-iosUITests */ = {
			isa = PBXGroup;
			children = (
				2B8CB57F2BBE44DA00A807A0 /* stocks_iosUITests.swift */,
				2B8CB5812BBE44DA00A807A0 /* stocks_iosUITestsLaunchTests.swift */,
			);
			path = "stocks-iosUITests";
			sourceTree = "<group>";
		};
/* End PBXGroup section */

/* Begin PBXNativeTarget section */
		2B8CB5602BBE44D900A807A0 /* stocks-ios */ = {
			isa = PBXNativeTarget;
			buildConfigurationList = 2B8CB5852BBE44DA00A807A0 /* Build configuration list for PBXNativeTarget "stocks-ios" */;
			buildPhases = (
				2B8CB55D2BBE44D900A807A0 /* Sources */,
				2B8CB55E2BBE44D900A807A0 /* Frameworks */,
				2B8CB55F2BBE44D900A807A0 /* Resources */,
			);
			buildRules = (
			);
			dependencies = (
			);
			name = "stocks-ios";
			productName = "stocks-ios";
			productReference = 2B8CB5612BBE44D900A807A0 /* stocks-ios.app */;
			productType = "com.apple.product-type.application";
		};
		2B8CB5702BBE44DA00A807A0 /* stocks-iosTests */ = {
			isa = PBXNativeTarget;
			buildConfigurationList = 2B8CB5882BBE44DA00A807A0 /* Build configuration list for PBXNativeTarget "stocks-iosTests" */;
			buildPhases = (
				2B8CB56D2BBE44DA00A807A0 /* Sources */,
				2B8CB56E2BBE44DA00A807A0 /* Frameworks */,
				2B8CB56F2BBE44DA00A807A0 /* Resources */,
			);
			buildRules = (
			);
			dependencies = (
				2B8CB5732BBE44DA00A807A0 /* PBXTargetDependency */,
			);
			name = "stocks-iosTests";
			productName = "stocks-iosTests";
			productReference = 2B8CB5712BBE44DA00A807A0 /* stocks-iosTests.xctest */;
			productType = "com.apple.product-type.bundle.unit-test";
		};
		2B8CB57A2BBE44DA00A807A0 /* stocks-iosUITests */ = {
			isa = PBXNativeTarget;
			buildConfigurationList = 2B8CB58B2BBE44DA00A807A0 /* Build configuration list for PBXNativeTarget "stocks-iosUITests" */;
			buildPhases = (
				2B8CB5772BBE44DA00A807A0 /* Sources */,
				2B8CB5782BBE44DA00A807A0 /* Frameworks */,
				2B8CB5792BBE44DA00A807A0 /* Resources */,
			);
			buildRules = (
			);
			dependencies = (
				2B8CB57D2BBE44DA00A807A0 /* PBXTargetDependency */,
			);
			name = "stocks-iosUITests";
			productName = "stocks-iosUITests";
			productReference = 2B8CB57B2BBE44DA00A807A0 /* stocks-iosUITests.xctest */;
			productType = "com.apple.product-type.bundle.ui-testing";
		};
/* End PBXNativeTarget section */

/* Begin PBXProject section */
		2B8CB5592BBE44D800A807A0 /* Project object */ = {
			isa = PBXProject;
			attributes = {
				BuildIndependentTargetsInParallel = 1;
				LastSwiftUpdateCheck = 1530;
				LastUpgradeCheck = 1530;
				TargetAttributes = {
					2B8CB5602BBE44D900A807A0 = {
						CreatedOnToolsVersion = 15.3;
					};
					2B8CB5702BBE44DA00A807A0 = {
						CreatedOnToolsVersion = 15.3;
						TestTargetID = 2B8CB5602BBE44D900A807A0;
					};
					2B8CB57A2BBE44DA00A807A0 = {
						CreatedOnToolsVersion = 15.3;
						TestTargetID = 2B8CB5602BBE44D900A807A0;
					};
				};
			};
			buildConfigurationList = 2B8CB55C2BBE44D800A807A0 /* Build configuration list for PBXProject "stocks-ios" */;
			compatibilityVersion = "Xcode 14.0";
			developmentRegion = en;
			hasScannedForEncodings = 0;
			knownRegions = (
				en,
				Base,
			);
			mainGroup = 2B8CB5582BBE44D800A807A0;
			productRefGroup = 2B8CB5622BBE44D900A807A0 /* Products */;
			projectDirPath = "";
			projectRoot = "";
			targets = (
				2B8CB5602BBE44D900A807A0 /* stocks-ios */,
				2B8CB5702BBE44DA00A807A0 /* stocks-iosTests */,
				2B8CB57A2BBE44DA00A807A0 /* stocks-iosUITests */,
			);
		};
/* End PBXProject section */

/* Begin PBXResourcesBuildPhase section */
		2B8CB55F2BBE44D900A807A0 /* Resources */ = {
			isa = PBXResourcesBuildPhase;
			buildActionMask = 2147483647;
			files = (
				2B8CB58F2BBE452700A807A0 /* Launch Screen.storyboard in Resources */,
				2B8CB56C2BBE44DA00A807A0 /* Preview Assets.xcassets in Resources */,
				2B8CB5692BBE44DA00A807A0 /* Assets.xcassets in Resources */,
			);
			runOnlyForDeploymentPostprocessing = 0;
		};
		2B8CB56F2BBE44DA00A807A0 /* Resources */ = {
			isa = PBXResourcesBuildPhase;
			buildActionMask = 2147483647;
			files = (
			);
			runOnlyForDeploymentPostprocessing = 0;
		};
		2B8CB5792BBE44DA00A807A0 /* Resources */ = {
			isa = PBXResourcesBuildPhase;
			buildActionMask = 2147483647;
			files = (
			);
			runOnlyForDeploymentPostprocessing = 0;
		};
/* End PBXResourcesBuildPhase section */

/* Begin PBXSourcesBuildPhase section */
		2B8CB55D2BBE44D900A807A0 /* Sources */ = {
			isa = PBXSourcesBuildPhase;
			buildActionMask = 2147483647;
			files = (
				2B8CB5942BBFA74300A807A0 /* Utility.swift in Sources */,
				2B8CB5922BBF601300A807A0 /* StockInfoView.swift in Sources */,
				2B8CB5672BBE44D900A807A0 /* ContentView.swift in Sources */,
				2B8CB5652BBE44D900A807A0 /* stocks_iosApp.swift in Sources */,
			);
			runOnlyForDeploymentPostprocessing = 0;
		};
		2B8CB56D2BBE44DA00A807A0 /* Sources */ = {
			isa = PBXSourcesBuildPhase;
			buildActionMask = 2147483647;
			files = (
				2B8CB5762BBE44DA00A807A0 /* stocks_iosTests.swift in Sources */,
			);
			runOnlyForDeploymentPostprocessing = 0;
		};
		2B8CB5772BBE44DA00A807A0 /* Sources */ = {
			isa = PBXSourcesBuildPhase;
			buildActionMask = 2147483647;
			files = (
				2B8CB5802BBE44DA00A807A0 /* stocks_iosUITests.swift in Sources */,
				2B8CB5822BBE44DA00A807A0 /* stocks_iosUITestsLaunchTests.swift in Sources */,
			);
			runOnlyForDeploymentPostprocessing = 0;
		};
/* End PBXSourcesBuildPhase section */

/* Begin PBXTargetDependency section */
		2B8CB5732BBE44DA00A807A0 /* PBXTargetDependency */ = {
			isa = PBXTargetDependency;
			target = 2B8CB5602BBE44D900A807A0 /* stocks-ios */;
			targetProxy = 2B8CB5722BBE44DA00A807A0 /* PBXContainerItemProxy */;
		};
		2B8CB57D2BBE44DA00A807A0 /* PBXTargetDependency */ = {
			isa = PBXTargetDependency;
			target = 2B8CB5602BBE44D900A807A0 /* stocks-ios */;
			targetProxy = 2B8CB57C2BBE44DA00A807A0 /* PBXContainerItemProxy */;
		};
/* End PBXTargetDependency section */

/* Begin XCBuildConfiguration section */
		2B8CB5832BBE44DA00A807A0 /* Debug */ = {
			isa = XCBuildConfiguration;
			buildSettings = {
				ALWAYS_SEARCH_USER_PATHS = NO;
				ASSETCATALOG_COMPILER_GENERATE_SWIFT_ASSET_SYMBOL_EXTENSIONS = YES;
				CLANG_ANALYZER_NONNULL = YES;
				CLANG_ANALYZER_NUMBER_OBJECT_CONVERSION = YES_AGGRESSIVE;
				CLANG_CXX_LANGUAGE_STANDARD = "gnu++20";
				CLANG_ENABLE_MODULES = YES;
				CLANG_ENABLE_OBJC_ARC = YES;
				CLANG_ENABLE_OBJC_WEAK = YES;
				CLANG_WARN_BLOCK_CAPTURE_AUTORELEASING = YES;
				CLANG_WARN_BOOL_CONVERSION = YES;
				CLANG_WARN_COMMA = YES;
				CLANG_WARN_CONSTANT_CONVERSION = YES;
				CLANG_WARN_DEPRECATED_OBJC_IMPLEMENTATIONS = YES;
				CLANG_WARN_DIRECT_OBJC_ISA_USAGE = YES_ERROR;
				CLANG_WARN_DOCUMENTATION_COMMENTS = YES;
				CLANG_WARN_EMPTY_BODY = YES;
				CLANG_WARN_ENUM_CONVERSION = YES;
				CLANG_WARN_INFINITE_RECURSION = YES;
				CLANG_WARN_INT_CONVERSION = YES;
				CLANG_WARN_NON_LITERAL_NULL_CONVERSION = YES;
				CLANG_WARN_OBJC_IMPLICIT_RETAIN_SELF = YES;
				CLANG_WARN_OBJC_LITERAL_CONVERSION = YES;
				CLANG_WARN_OBJC_ROOT_CLASS = YES_ERROR;
				CLANG_WARN_QUOTED_INCLUDE_IN_FRAMEWORK_HEADER = YES;
				CLANG_WARN_RANGE_LOOP_ANALYSIS = YES;
				CLANG_WARN_STRICT_PROTOTYPES = YES;
				CLANG_WARN_SUSPICIOUS_MOVE = YES;
				CLANG_WARN_UNGUARDED_AVAILABILITY = YES_AGGRESSIVE;
				CLANG_WARN_UNREACHABLE_CODE = YES;
				CLANG_WARN__DUPLICATE_METHOD_MATCH = YES;
				COPY_PHASE_STRIP = NO;
				DEBUG_INFORMATION_FORMAT = dwarf;
				ENABLE_STRICT_OBJC_MSGSEND = YES;
				ENABLE_TESTABILITY = YES;
				ENABLE_USER_SCRIPT_SANDBOXING = YES;
				GCC_C_LANGUAGE_STANDARD = gnu17;
				GCC_DYNAMIC_NO_PIC = NO;
				GCC_NO_COMMON_BLOCKS = YES;
				GCC_OPTIMIZATION_LEVEL = 0;
				GCC_PREPROCESSOR_DEFINITIONS = (
					"DEBUG=1",
					"$(inherited)",
				);
				GCC_WARN_64_TO_32_BIT_CONVERSION = YES;
				GCC_WARN_ABOUT_RETURN_TYPE = YES_ERROR;
				GCC_WARN_UNDECLARED_SELECTOR = YES;
				GCC_WARN_UNINITIALIZED_AUTOS = YES_AGGRESSIVE;
				GCC_WARN_UNUSED_FUNCTION = YES;
				GCC_WARN_UNUSED_VARIABLE = YES;
				IPHONEOS_DEPLOYMENT_TARGET = 17.4;
				LOCALIZATION_PREFERS_STRING_CATALOGS = YES;
				MTL_ENABLE_DEBUG_INFO = INCLUDE_SOURCE;
				MTL_FAST_MATH = YES;
				ONLY_ACTIVE_ARCH = YES;
				SDKROOT = iphoneos;
				SWIFT_ACTIVE_COMPILATION_CONDITIONS = "DEBUG $(inherited)";
				SWIFT_OPTIMIZATION_LEVEL = "-Onone";
			};
			name = Debug;
		};
		2B8CB5842BBE44DA00A807A0 /* Release */ = {
			isa = XCBuildConfiguration;
			buildSettings = {
				ALWAYS_SEARCH_USER_PATHS = NO;
				ASSETCATALOG_COMPILER_GENERATE_SWIFT_ASSET_SYMBOL_EXTENSIONS = YES;
				CLANG_ANALYZER_NONNULL = YES;
				CLANG_ANALYZER_NUMBER_OBJECT_CONVERSION = YES_AGGRESSIVE;
				CLANG_CXX_LANGUAGE_STANDARD = "gnu++20";
				CLANG_ENABLE_MODULES = YES;
				CLANG_ENABLE_OBJC_ARC = YES;
				CLANG_ENABLE_OBJC_WEAK = YES;
				CLANG_WARN_BLOCK_CAPTURE_AUTORELEASING = YES;
				CLANG_WARN_BOOL_CONVERSION = YES;
				CLANG_WARN_COMMA = YES;
				CLANG_WARN_CONSTANT_CONVERSION = YES;
				CLANG_WARN_DEPRECATED_OBJC_IMPLEMENTATIONS = YES;
				CLANG_WARN_DIRECT_OBJC_ISA_USAGE = YES_ERROR;
				CLANG_WARN_DOCUMENTATION_COMMENTS = YES;
				CLANG_WARN_EMPTY_BODY = YES;
				CLANG_WARN_ENUM_CONVERSION = YES;
				CLANG_WARN_INFINITE_RECURSION = YES;
				CLANG_WARN_INT_CONVERSION = YES;
				CLANG_WARN_NON_LITERAL_NULL_CONVERSION = YES;
				CLANG_WARN_OBJC_IMPLICIT_RETAIN_SELF = YES;
				CLANG_WARN_OBJC_LITERAL_CONVERSION = YES;
				CLANG_WARN_OBJC_ROOT_CLASS = YES_ERROR;
				CLANG_WARN_QUOTED_INCLUDE_IN_FRAMEWORK_HEADER = YES;
				CLANG_WARN_RANGE_LOOP_ANALYSIS = YES;
				CLANG_WARN_STRICT_PROTOTYPES = YES;
				CLANG_WARN_SUSPICIOUS_MOVE = YES;
				CLANG_WARN_UNGUARDED_AVAILABILITY = YES_AGGRESSIVE;
				CLANG_WARN_UNREACHABLE_CODE = YES;
				CLANG_WARN__DUPLICATE_METHOD_MATCH = YES;
				COPY_PHASE_STRIP = NO;
				DEBUG_INFORMATION_FORMAT = "dwarf-with-dsym";
				ENABLE_NS_ASSERTIONS = NO;
				ENABLE_STRICT_OBJC_MSGSEND = YES;
				ENABLE_USER_SCRIPT_SANDBOXING = YES;
				GCC_C_LANGUAGE_STANDARD = gnu17;
				GCC_NO_COMMON_BLOCKS = YES;
				GCC_WARN_64_TO_32_BIT_CONVERSION = YES;
				GCC_WARN_ABOUT_RETURN_TYPE = YES_ERROR;
				GCC_WARN_UNDECLARED_SELECTOR = YES;
				GCC_WARN_UNINITIALIZED_AUTOS = YES_AGGRESSIVE;
				GCC_WARN_UNUSED_FUNCTION = YES;
				GCC_WARN_UNUSED_VARIABLE = YES;
				IPHONEOS_DEPLOYMENT_TARGET = 17.4;
				LOCALIZATION_PREFERS_STRING_CATALOGS = YES;
				MTL_ENABLE_DEBUG_INFO = NO;
				MTL_FAST_MATH = YES;
				SDKROOT = iphoneos;
				SWIFT_COMPILATION_MODE = wholemodule;
				VALIDATE_PRODUCT = YES;
			};
			name = Release;
		};
		2B8CB5862BBE44DA00A807A0 /* Debug */ = {
			isa = XCBuildConfiguration;
			buildSettings = {
				ASSETCATALOG_COMPILER_APPICON_NAME = AppIcon;
				ASSETCATALOG_COMPILER_GLOBAL_ACCENT_COLOR_NAME = AccentColor;
				ASSETCATALOG_COMPILER_INCLUDE_ALL_APPICON_ASSETS = NO;
				CODE_SIGN_STYLE = Automatic;
				CURRENT_PROJECT_VERSION = 1;
				DEVELOPMENT_ASSET_PATHS = "\"stocks-ios/Preview Content\"";
				ENABLE_PREVIEWS = YES;
				GENERATE_INFOPLIST_FILE = YES;
				INFOPLIST_FILE = "stocks-ios/Info.plist";
				INFOPLIST_KEY_LSApplicationCategoryType = "";
				INFOPLIST_KEY_UIApplicationSceneManifest_Generation = YES;
				INFOPLIST_KEY_UIApplicationSupportsIndirectInputEvents = YES;
				INFOPLIST_KEY_UILaunchStoryboardName = "Launch Screen.storyboard";
				INFOPLIST_KEY_UISupportedInterfaceOrientations_iPad = "UIInterfaceOrientationPortrait UIInterfaceOrientationPortraitUpsideDown UIInterfaceOrientationLandscapeLeft UIInterfaceOrientationLandscapeRight";
				INFOPLIST_KEY_UISupportedInterfaceOrientations_iPhone = "UIInterfaceOrientationPortrait UIInterfaceOrientationLandscapeLeft UIInterfaceOrientationLandscapeRight";
				LD_RUNPATH_SEARCH_PATHS = (
					"$(inherited)",
					"@executable_path/Frameworks",
				);
				MARKETING_VERSION = 1.0;
				PRODUCT_BUNDLE_IDENTIFIER = "parag2804.stocks-ios";
				PRODUCT_NAME = "$(TARGET_NAME)";
				SUPPORTED_PLATFORMS = "iphoneos iphonesimulator";
				SUPPORTS_MACCATALYST = NO;
				SUPPORTS_XR_DESIGNED_FOR_IPHONE_IPAD = NO;
				SWIFT_EMIT_LOC_STRINGS = YES;
				SWIFT_VERSION = 5.0;
				TARGETED_DEVICE_FAMILY = "1,2";
			};
			name = Debug;
		};
		2B8CB5872BBE44DA00A807A0 /* Release */ = {
			isa = XCBuildConfiguration;
			buildSettings = {
				ASSETCATALOG_COMPILER_APPICON_NAME = AppIcon;
				ASSETCATALOG_COMPILER_GLOBAL_ACCENT_COLOR_NAME = AccentColor;
				ASSETCATALOG_COMPILER_INCLUDE_ALL_APPICON_ASSETS = NO;
				CODE_SIGN_STYLE = Automatic;
				CURRENT_PROJECT_VERSION = 1;
				DEVELOPMENT_ASSET_PATHS = "\"stocks-ios/Preview Content\"";
				ENABLE_PREVIEWS = YES;
				GENERATE_INFOPLIST_FILE = YES;
				INFOPLIST_FILE = "stocks-ios/Info.plist";
				INFOPLIST_KEY_LSApplicationCategoryType = "";
				INFOPLIST_KEY_UIApplicationSceneManifest_Generation = YES;
				INFOPLIST_KEY_UIApplicationSupportsIndirectInputEvents = YES;
				INFOPLIST_KEY_UILaunchStoryboardName = "Launch Screen.storyboard";
				INFOPLIST_KEY_UISupportedInterfaceOrientations_iPad = "UIInterfaceOrientationPortrait UIInterfaceOrientationPortraitUpsideDown UIInterfaceOrientationLandscapeLeft UIInterfaceOrientationLandscapeRight";
				INFOPLIST_KEY_UISupportedInterfaceOrientations_iPhone = "UIInterfaceOrientationPortrait UIInterfaceOrientationLandscapeLeft UIInterfaceOrientationLandscapeRight";
				LD_RUNPATH_SEARCH_PATHS = (
					"$(inherited)",
					"@executable_path/Frameworks",
				);
				MARKETING_VERSION = 1.0;
				PRODUCT_BUNDLE_IDENTIFIER = "parag2804.stocks-ios";
				PRODUCT_NAME = "$(TARGET_NAME)";
				SUPPORTED_PLATFORMS = "iphoneos iphonesimulator";
				SUPPORTS_MACCATALYST = NO;
				SUPPORTS_XR_DESIGNED_FOR_IPHONE_IPAD = NO;
				SWIFT_EMIT_LOC_STRINGS = YES;
				SWIFT_VERSION = 5.0;
				TARGETED_DEVICE_FAMILY = "1,2";
			};
			name = Release;
		};
		2B8CB5892BBE44DA00A807A0 /* Debug */ = {
			isa = XCBuildConfiguration;
			buildSettings = {
				ALWAYS_EMBED_SWIFT_STANDARD_LIBRARIES = YES;
				BUNDLE_LOADER = "$(TEST_HOST)";
				CODE_SIGN_STYLE = Automatic;
				CURRENT_PROJECT_VERSION = 1;
				GENERATE_INFOPLIST_FILE = YES;
				IPHONEOS_DEPLOYMENT_TARGET = 17.4;
				MARKETING_VERSION = 1.0;
				PRODUCT_BUNDLE_IDENTIFIER = "parag2804.stocks-iosTests";
				PRODUCT_NAME = "$(TARGET_NAME)";
				SWIFT_EMIT_LOC_STRINGS = NO;
				SWIFT_VERSION = 5.0;
				TARGETED_DEVICE_FAMILY = "1,2";
				TEST_HOST = "$(BUILT_PRODUCTS_DIR)/stocks-ios.app/$(BUNDLE_EXECUTABLE_FOLDER_PATH)/stocks-ios";
			};
			name = Debug;
		};
		2B8CB58A2BBE44DA00A807A0 /* Release */ = {
			isa = XCBuildConfiguration;
			buildSettings = {
				ALWAYS_EMBED_SWIFT_STANDARD_LIBRARIES = YES;
				BUNDLE_LOADER = "$(TEST_HOST)";
				CODE_SIGN_STYLE = Automatic;
				CURRENT_PROJECT_VERSION = 1;
				GENERATE_INFOPLIST_FILE = YES;
				IPHONEOS_DEPLOYMENT_TARGET = 17.4;
				MARKETING_VERSION = 1.0;
				PRODUCT_BUNDLE_IDENTIFIER = "parag2804.stocks-iosTests";
				PRODUCT_NAME = "$(TARGET_NAME)";
				SWIFT_EMIT_LOC_STRINGS = NO;
				SWIFT_VERSION = 5.0;
				TARGETED_DEVICE_FAMILY = "1,2";
				TEST_HOST = "$(BUILT_PRODUCTS_DIR)/stocks-ios.app/$(BUNDLE_EXECUTABLE_FOLDER_PATH)/stocks-ios";
			};
			name = Release;
		};
		2B8CB58C2BBE44DA00A807A0 /* Debug */ = {
			isa = XCBuildConfiguration;
			buildSettings = {
				ALWAYS_EMBED_SWIFT_STANDARD_LIBRARIES = YES;
				CODE_SIGN_STYLE = Automatic;
				CURRENT_PROJECT_VERSION = 1;
				GENERATE_INFOPLIST_FILE = YES;
				MARKETING_VERSION = 1.0;
				PRODUCT_BUNDLE_IDENTIFIER = "parag2804.stocks-iosUITests";
				PRODUCT_NAME = "$(TARGET_NAME)";
				SWIFT_EMIT_LOC_STRINGS = NO;
				SWIFT_VERSION = 5.0;
				TARGETED_DEVICE_FAMILY = "1,2";
				TEST_TARGET_NAME = "stocks-ios";
			};
			name = Debug;
		};
		2B8CB58D2BBE44DA00A807A0 /* Release */ = {
			isa = XCBuildConfiguration;
			buildSettings = {
				ALWAYS_EMBED_SWIFT_STANDARD_LIBRARIES = YES;
				CODE_SIGN_STYLE = Automatic;
				CURRENT_PROJECT_VERSION = 1;
				GENERATE_INFOPLIST_FILE = YES;
				MARKETING_VERSION = 1.0;
				PRODUCT_BUNDLE_IDENTIFIER = "parag2804.stocks-iosUITests";
				PRODUCT_NAME = "$(TARGET_NAME)";
				SWIFT_EMIT_LOC_STRINGS = NO;
				SWIFT_VERSION = 5.0;
				TARGETED_DEVICE_FAMILY = "1,2";
				TEST_TARGET_NAME = "stocks-ios";
			};
			name = Release;
		};
/* End XCBuildConfiguration section */

/* Begin XCConfigurationList section */
		2B8CB55C2BBE44D800A807A0 /* Build configuration list for PBXProject "stocks-ios" */ = {
			isa = XCConfigurationList;
			buildConfigurations = (
				2B8CB5832BBE44DA00A807A0 /* Debug */,
				2B8CB5842BBE44DA00A807A0 /* Release */,
			);
			defaultConfigurationIsVisible = 0;
			defaultConfigurationName = Release;
		};
		2B8CB5852BBE44DA00A807A0 /* Build configuration list for PBXNativeTarget "stocks-ios" */ = {
			isa = XCConfigurationList;
			buildConfigurations = (
				2B8CB5862BBE44DA00A807A0 /* Debug */,
				2B8CB5872BBE44DA00A807A0 /* Release */,
			);
			defaultConfigurationIsVisible = 0;
			defaultConfigurationName = Release;
		};
		2B8CB5882BBE44DA00A807A0 /* Build configuration list for PBXNativeTarget "stocks-iosTests" */ = {
			isa = XCConfigurationList;
			buildConfigurations = (
				2B8CB5892BBE44DA00A807A0 /* Debug */,
				2B8CB58A2BBE44DA00A807A0 /* Release */,
			);
			defaultConfigurationIsVisible = 0;
			defaultConfigurationName = Release;
		};
		2B8CB58B2BBE44DA00A807A0 /* Build configuration list for PBXNativeTarget "stocks-iosUITests" */ = {
			isa = XCConfigurationList;
			buildConfigurations = (
				2B8CB58C2BBE44DA00A807A0 /* Debug */,
				2B8CB58D2BBE44DA00A807A0 /* Release */,
			);
			defaultConfigurationIsVisible = 0;
			defaultConfigurationName = Release;
		};
/* End XCConfigurationList section */
	};
	rootObject = 2B8CB5592BBE44D800A807A0 /* Project object */;
}
